
Microsoft Visual Studio Solution File, Format Version 12.00
# Visual Studio Version 17
VisualStudioVersion = 17.6.33829.357
MinimumVisualStudioVersion = 10.0.40219.1
Project("{8BC9CEB8-8B4A-11D0-8D11-00A0C91BC942}") = "Project4", "Project4\Project4.vcxproj", "{A3BE8047-15F9-42F0-A50A-ECC436A8DF65}"
EndProject
Global
	GlobalSection(SolutionConfigurationPlatforms) = preSolution
		Debug|x64 = Debug|x64
		Debug|x86 = Debug|x86
		Release|x64 = Release|x64
		Release|x86 = Release|x86
	EndGlobalSection
	GlobalSection(ProjectConfigurationPlatforms) = postSolution
		{A3BE8047-15F9-42F0-A50A-ECC436A8DF65}.Debug|x64.ActiveCfg = Debug|x64
		{A3BE8047-15F9-42F0-A50A-ECC436A8DF65}.Debug|x64.Build.0 = Debug|x64
		{A3BE8047-15F9-42F0-A50A-ECC436A8DF65}.Debug|x86.ActiveCfg = Debug|Win32
		{A3BE8047-15F9-42F0-A50A-ECC436A8DF65}.Debug|x86.Build.0 = Debug|Win32
		{A3BE8047-15F9-42F0-A50A-ECC436A8DF65}.Release|x64.ActiveCfg = Release|x64
		{A3BE8047-15F9-42F0-A50A-ECC436A8DF65}.Release|x64.Build.0 = Release|x64
		{A3BE8047-15F9-42F0-A50A-ECC436A8DF65}.Release|x86.ActiveCfg = Release|Win32
		{A3BE8047-15F9-42F0-A50A-ECC436A8DF65}.Release|x86.Build.0 = Release|Win32
	EndGlobalSection
	GlobalSection(SolutionProperties) = preSolution
		HideSolutionNode = FALSE
	EndGlobalSection
	GlobalSection(ExtensibilityGlobals) = postSolution
		SolutionGuid = {5E5B0C6F-1DF5-42C5-97A7-BC6F50388944}
	EndGlobalSection
EndGlobal
